{
  "name": "respondix",
  "version": "0.0.6",
  "lockfileVersion": 2,
  "requires": true,
  "packages": {
    "": {
      "name": "respondix",
      "version": "0.0.6",
      "license": "MIT",
      "devDependencies": {
        "@types/node": "^13.13.15",
        "typescript": "^3.9.7"
      }
    },
    "node_modules/@types/node": {
      "version": "13.13.47",
      "resolved": "https://registry.npmjs.org/@types/node/-/node-13.13.47.tgz",
      "integrity": "sha512-R6851wTjN1YJza8ZIeX6puNBSi/ZULHVh4WVleA7q256l+cP2EtXnKbO455fTs2ytQk3dL9qkU+Wh8l/uROdKg==",
      "dev": true
    },
    "node_modules/typescript": {
      "version": "3.9.7",
      "resolved": "https://registry.npmjs.org/typescript/-/typescript-3.9.7.tgz",
      "integrity": "sha512-BLbiRkiBzAwsjut4x/dsibSTB6yWpwT5qWmC2OfuCg3GgVQCSgMs4vEctYPhsaGtd0AeuuHMkjZ2h2WG8MSzRw==",
      "dev": true,
      "bin": {
        "tsc": "bin/tsc",
        "tsserver": "bin/tsserver"
      },
      "engines": {
        "node": ">=4.2.0"
      }
    }
  },
  "dependencies": {
    "@types/node": {
      "version": "13.13.47",
      "resolved": "https://registry.npmjs.org/@types/node/-/node-13.13.47.tgz",
      "integrity": "sha512-R6851wTjN1YJza8ZIeX6puNBSi/ZULHVh4WVleA7q256l+cP2EtXnKbO455fTs2ytQk3dL9qkU+Wh8l/uROdKg==",
      "dev": true
    },
    "typescript": {
      "version": "3.9.7",
      "resolved": "https://registry.npmjs.org/typescript/-/typescript-3.9.7.tgz",
      "integrity": "sha512-BLbiRkiBzAwsjut4x/dsibSTB6yWpwT5qWmC2OfuCg3GgVQCSgMs4vEctYPhsaGtd0AeuuHMkjZ2h2WG8MSzRw==",
      "dev": true
    }
  }
}
